github.com/msteinert/pam/v2 v2.1.0 h1:er5F9TKV5nGFuTt12ubtqPHEUdeBwReP7vd3wovidGY=
github.com/msteinert/pam/v2 v2.1.0/go.mod h1:KT28NNIcDFf3PcBmNI2mIGO4zZJ+9RSs/At2PB3IDVc=
golang.org/x/sys v0.6.0 h1:MVltZSvRTcU2ljQOhs94SXPftV6DCNnZViHeQps87pQ=
golang.org/x/term v0.6.0 h1:clScbb1cHjoCkyRbWwBEUZ5H/tIFu5TAXIqaZD0Gcjw=
